
Microsoft Visual Studio Solution File, Format Version 12.00
# Visual Studio Version 16
VisualStudioVersion = 16.0.31129.286
MinimumVisualStudioVersion = 10.0.40219.1
Project("{FAE04EC0-301F-11D3-BF4B-00C04F79EFBC}") = "QOI_API", "QOI_API\QOI_API.csproj", "{4B7D19A0-8261-4F55-AC47-C6098A4AD790}"
EndProject
Global
	GlobalSection(SolutionConfigurationPlatforms) = preSolution
		Debug|Any CPU = Debug|Any CPU
		Release|Any CPU = Release|Any CPU
	EndGlobalSection
	GlobalSection(ProjectConfigurationPlatforms) = postSolution
		{4B7D19A0-8261-4F55-AC47-C6098A4AD790}.Debug|Any CPU.ActiveCfg = Debug|Any CPU
		{4B7D19A0-8261-4F55-AC47-C6098A4AD790}.Debug|Any CPU.Build.0 = Debug|Any CPU
		{4B7D19A0-8261-4F55-AC47-C6098A4AD790}.Release|Any CPU.ActiveCfg = Release|Any CPU
		{4B7D19A0-8261-4F55-AC47-C6098A4AD790}.Release|Any CPU.Build.0 = Release|Any CPU
	EndGlobalSection
	GlobalSection(SolutionProperties) = preSolution
		HideSolutionNode = FALSE
	EndGlobalSection
	GlobalSection(ExtensibilityGlobals) = postSolution
		SolutionGuid = {71A96AAB-0876-4D31-98E2-C4B2BA18ECF6}
	EndGlobalSection
EndGlobal
